PODS:
  - Leanplum-iOS-Location (1.5.1)
  - Leanplum-iOS-SDK (1.5.1)

DEPENDENCIES:
  - Leanplum-iOS-Location (= 1.5.1)
  - Leanplum-iOS-SDK (= 1.5.1)

SPEC CHECKSUMS:
  Leanplum-iOS-Location: f38c51ef480f26de26cfe558ce9e7791db24e735
  Leanplum-iOS-SDK: a8be01b677bab2dc9a6fcae3b8962f36ed2f3294

PODFILE CHECKSUM: 059403b72df4051b986f4b19fd69720dd3627b24

COCOAPODS: 1.1.1
